#
# This file is autogenerated by pip-compile with Python 3.12
# by the following command:
#
#    pip-compile --generate-hashes --no-index --output-file=model/requirements.lock model/requirements.txt
#
certifi==2026.7.22 \
    --hash=sha256:62f22742b58a1a33014a2b6b706588a8d7e2a88ae7bd1a6ebe8c992928483775 \
    --hash=sha256:741e2c3b351ddf169a738da9f2c048608ff7f2c5cc02f1ebc6b118bb090d5d55
    # via ucimlrepo
cloudpickle==3.1.2 \
    --hash=sha256:7fda9eb655c9c230dab534f1983763de5835249750e85fbcef43aaa30a9a2414 \
    --hash=sha256:9acb47f6afd73f60dc1df93bb801b472f05ff42fa6c84167d25cb206be1fbf4a
    # via
    #   joblib
    #   shap
joblib==1.6.0 \
    --hash=sha256:2ccc96785b12046c08fd6d55839c12857831b54a3c1673ffadd2f04bfc4eda03 \
    --hash=sha256:3dbbf9f6e4b592a2357b854608e980fe6390d131d7a82f011a377ef2ebef7aba
    # via scikit-learn
llvmlite==0.49.0 \
    --hash=sha256:00f16db782f4a13c78c5804aedc434e46794a77e89999a168f9401106270e50a \
    --hash=sha256:039fa4054a06f537fb39248d4472284ca96be311a142ec09e69f95630ab469cc \
    --hash=sha256:20496a5c9fdb8179fb9300e7d19f6782555d98aeeb4a322264aa7fd99f980618 \
    --hash=sha256:294e2f0b70aef8f92d0ae7b203e2609f08beb39437eee73de59a21669331aae9 \
    --hash=sha256:3a9c9e3af4e214acfefa4f73ebe7bc3fb35854a62b654edb3953f5ae33c08ba3 \
    --hash=sha256:4281a0171d66d2098adce4ba706b8c550b1b10718650f682d64cde16e84e4de5 \
    --hash=sha256:4b0e710880b7cc910392bd6b9f1bbf468fed99b182e4420d51598f36114b3dce \
    --hash=sha256:4ec8ad805e7515cb8440a690eb3cef4d34acb29eef80b705ec4e1c1ad3c43c68 \
    --hash=sha256:6a5b06c1b5fc4ae4c9b169b065f42b719448ef1f873687ef224ef69969b75ec3 \
    --hash=sha256:6acba646d88abbc87d5c113a3d62c1fbf8b8fee11c6493f516803e30f21ae870 \
    --hash=sha256:80a84683d04516bb51da1bbeebddaf2c2f558809c93078a8f91807909ae331f8 \
    --hash=sha256:854941c2267fd4fc5b2ce02b8af8ecdffa79fb7784591d3a89370322039ea09f \
    --hash=sha256:95d1071023ed858b79f6971954fd7cc1f5dbcbab987718a4ccbe1411e47d0b81 \
    --hash=sha256:a1b414dc6b164738ec39dd8987cea73829057b7dd92fc6d91b52838385fc1dd2 \
    --hash=sha256:a8c0fc9d624bdc30a3d2db11eb2fb98f80fb209d20b37604eda516cd9b699cf4 \
    --hash=sha256:b095f15fb12c4d90495df5b1a3772b4732cc408398b204a787dbedd370e09c69 \
    --hash=sha256:b352c14353330c879e339b8f8d7491d565fe94242697714a24e80bd757202384 \
    --hash=sha256:b541c8fac3450db7574d1f53cf9dff83f285bfed9d69bf81fe71fc2a7d4f97fe \
    --hash=sha256:be637e465010bc9c50f070468f7f1cf5385e92fee364d192dd5e6cea790ecba9 \
    --hash=sha256:d3dee64784201b64c13a8df62c48a4f4218858faaa65889866bb29bdc243c038 \
    --hash=sha256:d5555ea1d63928481cbf7fcb1d67452b216c7e5b393a4eb7aa1401e67f2a4fc4 \
    --hash=sha256:da7b64474ac15ca595efa2644d5c6836638ccf70709fad3aba3fc56a55966928 \
    --hash=sha256:ddc7aecd4f56397ed6e8f120ec5dcd5a1a8f0e6032ca4af413462792d4dca2e3 \
    --hash=sha256:e32adb84fdaae28aeb86fdb6253084ee707ee157289a2e98fe3caf48a62bee82 \
    --hash=sha256:ee81e96c15a6f870918f1eb60c913551c16aa23defb4f5f1acfa660d6a0aaac2 \
    --hash=sha256:f3f2ff0aeb17d34fcce9f79b99baac441cfd3efa41b83e233ca4530a72381f72
    # via
    #   numba
    #   shap
narwhals==2.26.0 \
    --hash=sha256:29326d74f107c347fd1009bd58e38d9f7c7c5b51e6de97bc93dbc325d9038b54 \
    --hash=sha256:6b9cadca82f375c7e4cf584fdc86ca25da54827307a9c58f94547ee6104b82dd
    # via scikit-learn
numba==0.67.0 \
    --hash=sha256:00c964a5b94d3ae82d83ac162cd610755875b98dadb779fdde06e6bfcdbca47e \
    --hash=sha256:3fa3d1b27f96f2c0d54513d953d7197886aa1eaa7d2439a0eedc44d993fb181a \
    --hash=sha256:4a2ed006635bbd0fe45681ed49f3b4f4bad1abf0c233bcc5842c9e3a34cabd61 \
    --hash=sha256:4d576e62bf2c9370f61312b51573c4bb1f3fe96798bbab56730847a368a316c4 \
    --hash=sha256:50e2b72406c18cda5dd7431b0082cb85ea94e06c64c33607248fc8bef92cfb81 \
    --hash=sha256:5269245a675abdd3e2c35ec6bb2f250355effa9032514d8f2354f0d2d10854bd \
    --hash=sha256:6004d8d5f28d4028687fb2d972d629295b13685943bd2ed5cd8810c3b848e219 \
    --hash=sha256:694c81c6560b2b47e5fc1dc39c29175b907adf862d9af0af801453400a022a61 \
    --hash=sha256:76d3335aaeffb9dc88309420890e73497a00be08a7530441bc2b58ffe025bfa5 \
    --hash=sha256:77e1c7173fee57a0d84e006c7e70346689d6cb3e7db503489bae58646b4eff7b \
    --hash=sha256:7930748ce8355d2a5a28602abab056a61fdc676d17377f27d17993905428171f \
    --hash=sha256:83ab968b0e0fa744eba03351282dd8000796e6ec8e4518f47bd3ed86c0a20c7b \
    --hash=sha256:88f6e0f5cb6c545e158b6ef0496c01b6d6958a7ccc6634a1576a94bbbab29ff2 \
    --hash=sha256:8c0e88acd4341ddf40779db3c0228b9188aca7fcab5f5f3ce9949a1fc71e9a02 \
    --hash=sha256:8c80c847301dc33dc8f84a97a952004023d9a05578ae4512b087176264cc1960 \
    --hash=sha256:9c4953387c77864b596d8296e2cfbdef82b0eea4166ab4864b05d226c51143e0 \
    --hash=sha256:aa5f002f665bec321b950dacaa26ee009e1d720f6ac9d9856eed5efe1caa03a6 \
    --hash=sha256:b68ad5125fe245339cc8dcc036081fc1ea482c5063387b9612a76ccd83dc91cd \
    --hash=sha256:cd75aa535b33fa05d9d930b1ae8af9f97a2881e96d72dfb38ec9b78284d9f851 \
    --hash=sha256:cfba1ac34f0363fb1a250a10e97240780d11e05227892f7286b26fbfd0ad58ce \
    --hash=sha256:d6c8e9ba3f9602471e8c6f563ffcce8db8046741f0bafb782a052e41dc6b6861 \
    --hash=sha256:e7a7b0121466f1e9a8a074b0545fe90e16389623abf979b5d7c299dca1294d7e \
    --hash=sha256:ed333e0af4386294e7f03e550e01411856b6935e717d859225e0a7338c6b6795 \
    --hash=sha256:f074a8e23db78490f11a3930c940be758316c10ac5985be83d2f298dc080acf7 \
    --hash=sha256:f63d43db06b4756424d6d2484737c902e0ae944a0eec3e8b0b4de2c695b15caa \
    --hash=sha256:f99f880ff25f418a67f9a1d00d0ddfbc63430f627b523e515085a592a7567f4b
    # via shap
numpy==2.5.3 \
    --hash=sha256:012e66aca395d795496446e52aeeb5866312a5d4d3f27da270e5a0b43f70dc5c \
    --hash=sha256:09d5a423c71ad5feb5625844ad58050e35df43871004b52ac9c0ad44a56775be \
    --hash=sha256:09ffa5d903faeaa5c4dd05009cf81c8bab9f2cb37c548b8d39b65b4cfa7c97f7 \
    --hash=sha256:0a59a421a32580a009e8a1751345bf829631b990dc1794b80514ab722b435def \
    --hash=sha256:116f96cadd935c6122e9228d676fe7ede19e741f5c8bb1c3cddbe0c51ccebea2 \
    --hash=sha256:1302b90c0e52281681b2975adfe8a860cb7b12216a27b4b0b4207c44bf7bccf0 \
    --hash=sha256:15aa985ac73a8db02db7663381aa109510449d3819d37206caed27b33a65a8a6 \
    --hash=sha256:1aad64d99730d013cfc6debafed22783b4fc5a7f4b8bc744d2d8cf7dcc880551 \
    --hash=sha256:1c80eabb4035ecf4ca9cd49cde8a9fdd69a729e63e6474887d1523ade7aa277f \
    --hash=sha256:1f3ed25271581281f2fccb1adcedfcde4c07362eec69189b50baf6f90e3ae159 \
    --hash=sha256:1fb6f8fb9ff0b3a69f52c66ce397b0246583e9f28616231b0e32ca49259a5fa6 \
    --hash=sha256:214045a5bf00113a146ab9ee9730c44501af6723cdf1f6830932f7b5ef2e7af0 \
    --hash=sha256:26e15e4aecd8617dfbaecb37d223e365d7b39411fba20454be2670a96aa74cb5 \
    --hash=sha256:2c25dfa72943e4336ddb6b0ee4277b47a0c85bede0807530ec68103bf58e2c10 \
    --hash=sha256:2d8240cb4c16fd831074aa2b2cf9fc54664d826341d61c372245b96a74a49a9a \
    --hash=sha256:350ba9783ce969cf9f7ce6e6a9a58e1a6e2a19ca025b7ee448c4db727706212a \
    --hash=sha256:4c8a6d2ebce6305fd82fbefca827775437147052a976ee7c94b36a0c1b52ac6c \
    --hash=sha256:4f8929ee6c96bfbd7b4ed2032e0c03af86fe1826740ab61ddabf9072d06e57ff \
    --hash=sha256:536f963710a4e63934d80ac0dc4f478804a83e9a84b6828018f25d09953ada33 \
    --hash=sha256:54a115e5a73b8fc44f0cebef486365a1894b5c9760685d4558b72b7c3eb846e0 \
    --hash=sha256:595d020938c84e320bcf40ad71089e108eac0d377cd018e14a8c094f39e98d85 \
    --hash=sha256:66a78fe4556c60aceda5916f9eacd638b18e9e681016ec302dcb4682d6d4d034 \
    --hash=sha256:6b05c171afb3aa07adbd20abc00aea86fe375beb0fdb9ef780ec5b7f63bab1c0 \
    --hash=sha256:6cef4bb1706dfec49243c05d921eefb4e190d41e2528b30d8035ea1f36b4c24a \
    --hash=sha256:6f24021b9f22bc6301c37b196974a92c1c18dccedb6fef3dd252e95f2d6adbe4 \
    --hash=sha256:71b39d9f935b6ec0f8753e3e2afb51e3efba6f2e05b68b32a40754d24bcd4a3c \
    --hash=sha256:71cad2b2a7451ab79d8f5e71b453485b6775963d5cf794179144a7463fe6e8ec \
    --hash=sha256:76c2c1e6bfa5c84adc6434dfbf013aa92096a7985221762c8f11fedfd20fff58 \
    --hash=sha256:8617bbfae4486cf99c9f899966699428d19da931d06ca94ad3da986c76e15997 \
    --hash=sha256:86bff898a431c0fb71f7610b75726e75a54d47b37edc9d537f48de63bb3c0b90 \
    --hash=sha256:8e4dd766076855b5ff7ea52fa5f07ce26286726e0f8bff446b7739d02e6ea204 \
    --hash=sha256:92f30e89b8ee0ecf363033576c422b2f58fed6a80bed0aa48dff6d14c654663e \
    --hash=sha256:93e1f5447e2b1e479d7bd74701e84746b86450cff1fc368b132d195e2b8f8211 \
    --hash=sha256:9a37475425b431b4d060f23b4f52cd2f3aef6bc7c654bd760adf0040eec9d435 \
    --hash=sha256:9deb49575e5b0b94ed72c8a64ec4d033381adc27e9060ae842971f697ba96104 \
    --hash=sha256:a5fa86b80fd24bcd1aff83ad23be44ea323de3f787be8f8b15d4a65621e25321 \
    --hash=sha256:a6391fafaba97500887132cd582abc6e19452b1ac775a47caa7b24490e152058 \
    --hash=sha256:a72f874bc9e10e4b8f80426fb49716d5141f64442a0c8418065093ec8017fbb0 \
    --hash=sha256:ac7bb1c52d445bd4f8f7f97fefe6abc3a084dc4d63df50d79b17fa2b78e89297 \
    --hash=sha256:adc1ada2662f8a5f960b8a10d9986897e7499ef07e06d4cfe7197f8cce923c07 \
    --hash=sha256:b00eefbcf0f292945c4b4dec2ae845389ef5bcdcd596e6e4328051db5b5ba694 \
    --hash=sha256:b0521d0f4aebb6e06189451025fa17a913287b13c03d5fe05c017333b654ea5b \
    --hash=sha256:b5d93cf48f687479941d12b69c873ad2cc76bbd487f0091c2200636497f34034 \
    --hash=sha256:b7e18c623bb5c95acb3b3328861272816ba199fb531921c5d6d0b675f1fde9e3 \
    --hash=sha256:bd4cb9ad3c7889b9b3fe0a9a9fb5d2ed26f9879bff2608d9f01aed147a20d231 \
    --hash=sha256:be5a8381859b6da607c84f4f7d6847725f1cf1853ef8a2c9e115b7d58bef47dc \
    --hash=sha256:befa1ae5bd6030b3f512b43ff3fa5290bbed6b84411a44244b14adf835f5b89d \
    --hash=sha256:bf63afbe037eb5d2fe87fbcc7778e61da53ebaf21d938a4515aa73b62532a5d4 \
    --hash=sha256:c00abe94c1a69d75d827dcf1c025b25c8a45d230b3bcd77a9020883a1b047653 \
    --hash=sha256:c2381f82999704f818e2c987a865050e285ec3621262c66d40f5a96c8f899f8e \
    --hash=sha256:c76d5dde9f445058f83d0c02af00557a4db91de9a9a57c0df87d1535001d654b \
    --hash=sha256:cb189f09db39283b26bfd061ec16189e14f71c6755207f72a0f7540867afe5b9 \
    --hash=sha256:ccb32e0525d29e8b0572eb84c9a57af0e7a4e615726927506f55063c62414034 \
    --hash=sha256:ccbc4665079665c3cf3bab4db9f6b095370cd6437d66be549b6c2a1fd19e1958 \
    --hash=sha256:d1c89973648c85069c5046ad460f7b8a00218b29a2e42359ac8cc63e9ab94832 \
    --hash=sha256:df2d5874ff183595a4ba404edd04f6bd9b5505c1d7708573f6a6c17489a67563 \
    --hash=sha256:e01c918ac3d48e18a927cf7b14a26a3e29ff2bdf2eacb976da0aecd6a43ed034 \
    --hash=sha256:e6ab667ba76450084eb64013762c438ea76d9d29cc676dcd6c2e9892ba37f841 \
    --hash=sha256:e931e4f499e0dc7ef29d269a8e5b35dd722e5d14be07df6240166ea7c6532fae \
    --hash=sha256:f54660b0eb6b0b9f36e7fe1cdfdff472028dd0d14acd9b9b65098efbad059469 \
    --hash=sha256:f59a878c33d6b88122d80d239bb3b845d58708750b0cb06a09aebb9b18ec696c \
    --hash=sha256:f7fabeb6cea87d65f3b926de33d03fb016cfdc29314c90974383b5582ae72891 \
    --hash=sha256:f9579f383d1bf9df80081e72760e84960a7fd4f88cf0c9e535a8597c9bb646f5 \
    --hash=sha256:f9a2353b37a1a9e78fd82b27ad7e2a32a2d036604d18f02b05e3136c62ca3b09 \
    --hash=sha256:fc36dc566135b5eceec4cf89758fcb719266a019ef07dae1754ae7c9f617ef3e \
    --hash=sha256:ffdc76bfcae6b255dff75202c5e7feaf95b40246bc0a17944facc1fecf9f79ab
    # via
    #   -r model/requirements.txt
    #   numba
    #   pandas
    #   scikit-learn
    #   scipy
    #   shap
    #   xgboost
nvidia-nccl-cu13==2.31.2 \
    --hash=sha256:0bcaf0308854cb55fcc35af72e2c83143f3b71e65a4e865e2c586b1cdcdb5ae0 \
    --hash=sha256:b5563f8e2534f363d93ace022670ba016d3717e190ac4eba564d05fbbe8495b1
    # via xgboost
packaging==26.3 \
    --hash=sha256:94edc256424af38762eb31306eed28beb9f0efc50a8837492c9d6fd6004aed79 \
    --hash=sha256:d7193f7c8e4e93f444fde0262bf90af30e16fa0ad0ad44cb553c87339b23cd1c
    # via shap
pandas==2.3.3 \
    --hash=sha256:0242fe9a49aa8b4d78a4fa03acb397a58833ef6199e9aa40a95f027bb3a1b6e7 \
    --hash=sha256:1611aedd912e1ff81ff41c745822980c49ce4a7907537be8692c8dbc31924593 \
    --hash=sha256:1b07204a219b3b7350abaae088f451860223a52cfb8a6c53358e7948735158e5 \
    --hash=sha256:1d37b5848ba49824e5c30bedb9c830ab9b7751fd049bc7914533e01c65f79791 \
    --hash=sha256:23ebd657a4d38268c7dfbdf089fbc31ea709d82e4923c5ffd4fbd5747133ce73 \
    --hash=sha256:2462b1a365b6109d275250baaae7b760fd25c726aaca0054649286bcfbb3e8ec \
    --hash=sha256:28083c648d9a99a5dd035ec125d42439c6c1c525098c58af0fc38dd1a7a1b3d4 \
    --hash=sha256:2e3ebdb170b5ef78f19bfb71b0dc5dc58775032361fa188e814959b74d726dd5 \
    --hash=sha256:318d77e0e42a628c04dc56bcef4b40de67918f7041c2b061af1da41dcff670ac \
    --hash=sha256:371a4ab48e950033bcf52b6527eccb564f52dc826c02afd9a1bc0ab731bba084 \
    --hash=sha256:376c6446ae31770764215a6c937f72d917f214b43560603cd60da6408f183b6c \
    --hash=sha256:3869faf4bd07b3b66a9f462417d0ca3a9df29a9f6abd5d0d0dbab15dac7abe87 \
    --hash=sha256:3fd2f887589c7aa868e02632612ba39acb0b8948faf5cc58f0850e165bd46f35 \
    --hash=sha256:4793891684806ae50d1288c9bae9330293ab4e083ccd1c5e383c34549c6e4250 \
    --hash=sha256:4e0a175408804d566144e170d0476b15d78458795bb18f1304fb94160cabf40c \
    --hash=sha256:503cf027cf9940d2ceaa1a93cfb5f8c8c7e6e90720a2850378f0b3f3b1e06826 \
    --hash=sha256:5554c929ccc317d41a5e3d1234f3be588248e61f08a74dd17c9eabb535777dc9 \
    --hash=sha256:56851a737e3470de7fa88e6131f41281ed440d29a9268dcbf0002da5ac366713 \
    --hash=sha256:5caf26f64126b6c7aec964f74266f435afef1c1b13da3b0636c7518a1fa3e2b1 \
    --hash=sha256:602b8615ebcc4a0c1751e71840428ddebeb142ec02c786e8ad6b1ce3c8dec523 \
    --hash=sha256:6253c72c6a1d990a410bc7de641d34053364ef8bcd3126f7e7450125887dffe3 \
    --hash=sha256:6435cb949cb34ec11cc9860246ccb2fdc9ecd742c12d3304989017d53f039a78 \
    --hash=sha256:6d21f6d74eb1725c2efaa71a2bfc661a0689579b58e9c0ca58a739ff0b002b53 \
    --hash=sha256:6d2cefc361461662ac48810cb14365a365ce864afe85ef1f447ff5a1e99ea81c \
    --hash=sha256:74ecdf1d301e812db96a465a525952f4dde225fdb6d8e5a521d47e1f42041e21 \
    --hash=sha256:75ea25f9529fdec2d2e93a42c523962261e567d250b0013b16210e1d40d7c2e5 \
    --hash=sha256:854d00d556406bffe66a4c0802f334c9ad5a96b4f1f868adf036a21b11ef13ff \
    --hash=sha256:8fe25fc7b623b0ef6b5009149627e34d2a4657e880948ec3c840e9402e5c1b45 \
    --hash=sha256:900f47d8f20860de523a1ac881c4c36d65efcb2eb850e6948140fa781736e110 \
    --hash=sha256:93c2d9ab0fc11822b5eece72ec9587e172f63cff87c00b062f6e37448ced4493 \
    --hash=sha256:a16dcec078a01eeef8ee61bf64074b4e524a2a3f4b3be9326420cabe59c4778b \
    --hash=sha256:a21d830e78df0a515db2b3d2f5570610f5e6bd2e27749770e8bb7b524b89b450 \
    --hash=sha256:a45c765238e2ed7d7c608fc5bc4a6f88b642f2f01e70c0c23d2224dd21829d86 \
    --hash=sha256:a637c5cdfa04b6d6e2ecedcb81fc52ffb0fd78ce2ebccc9ea964df9f658de8c8 \
    --hash=sha256:a68e15f780eddf2b07d242e17a04aa187a7ee12b40b930bfdd78070556550e98 \
    --hash=sha256:b3d11d2fda7eb164ef27ffc14b4fcab16a80e1ce67e9f57e19ec0afaf715ba89 \
    --hash=sha256:b468d3dad6ff947df92dcb32ede5b7bd41a9b3cceef0a30ed925f6d01fb8fa66 \
    --hash=sha256:b98560e98cb334799c0b07ca7967ac361a47326e9b4e5a7dfb5ab2b1c9d35a1b \
    --hash=sha256:bdcd9d1167f4885211e401b3036c0c8d9e274eee67ea8d0758a256d60704cfe8 \
    --hash=sha256:bf1f8a81d04ca90e32a0aceb819d34dbd378a98bf923b6398b9a3ec0bf44de29 \
    --hash=sha256:c46467899aaa4da076d5abc11084634e2d197e9460643dd455ac3db5856b24d6 \
    --hash=sha256:c4fc4c21971a1a9f4bdb4c73978c7f7256caa3e62b323f70d6cb80db583350bc \
    --hash=sha256:c503ba5216814e295f40711470446bc3fd00f0faea8a086cbc688808e26f92a2 \
    --hash=sha256:d051c0e065b94b7a3cea50eb1ec32e912cd96dba41647eb24104b6c6c14c5788 \
    --hash=sha256:d3e28b3e83862ccf4d85ff19cf8c20b2ae7e503881711ff2d534dc8f761131aa \
    --hash=sha256:db4301b2d1f926ae677a751eb2bd0e8c5f5319c9cb3f88b0becbbb0b07b34151 \
    --hash=sha256:dd7478f1463441ae4ca7308a70e90b33470fa593429f9d4c578dd00d1fa78838 \
    --hash=sha256:e05e1af93b977f7eafa636d043f9f94c7ee3ac81af99c13508215942e64c993b \
    --hash=sha256:e19d192383eab2f4ceb30b412b22ea30690c9e618f78870357ae1d682912015a \
    --hash=sha256:e32e7cc9af0f1cc15548288a51a3b681cc2a219faa838e995f7dc53dbab1062d \
    --hash=sha256:ecaf1e12bdc03c86ad4a7ea848d66c685cb6851d807a26aa245ca3d2017a1908 \
    --hash=sha256:ee15f284898e7b246df8087fc82b87b01686f98ee67d85a17b7ab44143a3a9a0 \
    --hash=sha256:ee67acbbf05014ea6c763beb097e03cd629961c8a632075eeb34247120abcb4b \
    --hash=sha256:f086f6fe114e19d92014a1966f43a3e62285109afe874f067f5abbdcbb10e59c \
    --hash=sha256:f8bfc0e12dc78f777f323f55c58649591b2cd0c43534e8355c51d3fede5f4dee
    # via
    #   -r model/requirements.txt
    #   shap
    #   ucimlrepo
python-dateutil==2.9.0.post0 \
    --hash=sha256:37dd54208da7e1cd875388217d5e00ebd4179249f90fb72437e91a35459a0ad3 \
    --hash=sha256:a8b2bc7bffae282281c8140a97d3aa9c14da0b136dfe83f850eea9a5f7470427
    # via pandas
pytz==2026.3.post1 \
    --hash=sha256:2211d3fcf9a797d3405cac96ac7f61d80e6a644f72a3309607282fe8a2010c5d \
    --hash=sha256:dd95840dd199baea12d9cc096a1d452caa6596a1c1e4b5f3dbd1541855d5e815
    # via pandas
scikit-learn==1.9.1 \
    --hash=sha256:09f4d73049cd63575157f6b1060e06a8c83a4bd3488dbfaeedf35ccba7aad712 \
    --hash=sha256:0c0f8b5d09b44101cea2767f300680bada1ea27f976fe4b48b83950a4f55a49a \
    --hash=sha256:2070f271e5375dc42c6bb93b461ab1c0aa5841d4009267e0cfd95a39dca94a43 \
    --hash=sha256:220fa18152852a5ce29c49e1eaba9d44ec44631cd2e5cf65f5a40eafa5ab3412 \
    --hash=sha256:2c2b312fd8c02951a364fa120ea08c1cec10d863466bf1701b013152d7537835 \
    --hash=sha256:326c188f92084bf58664229f4578eeab6176313b37cd5dfc85abd92b94130c58 \
    --hash=sha256:38cd925e893e5539be704d5edc64dbe081aacdab6b89d8c2977c1f6a7a453ce5 \
    --hash=sha256:4298fcc01b3d8fa9768d36894e99cce0747b3b2dd73bfd80779e393769d0afab \
    --hash=sha256:48fefd8eb42bd4eec3e2d348149368ccd6d71987e20c30706a56a24eb86a6e73 \
    --hash=sha256:4b59abb30618121cc46b45972d6bf53a7128b4df4cd346c6ca6f4d5f9031e49c \
    --hash=sha256:52a0703bbc07ad27f560fa63fa68e4c54dd735bfbbf65b4dd3c225dc7547b6df \
    --hash=sha256:52cfdb1fed3a34362dbc0bd96f2e761a66fd5724d6901629f5a558f1f3bd9849 \
    --hash=sha256:55e79d6e9b0923f1a978179822bd43d7f5543f45e970a00fe861f43486380aba \
    --hash=sha256:5990f9c69e431bfaddcde1a6d7c5355243e026bc9b9e560c13893b90dab53fb4 \
    --hash=sha256:613f0a783ca05aa844a4e1ac42d48425058f2c52be73f40f8cd98b7cd111acd6 \
    --hash=sha256:61cd968ab831a76d0ecbaf0347ab2270268716da28f94fd022497e3d6f205f13 \
    --hash=sha256:629cada3e33e2b9bf376cdc7614a47a4140b8aedc1d836579e359736fbd82977 \
    --hash=sha256:66f852f7325b5070bc28329005aca76055a2def78faac039548ae889aeaa45a6 \
    --hash=sha256:6754b7cabfc3df0b1f7b38f7a344f559bbae9d82f0ac5e3d48cccbd19fdcefdf \
    --hash=sha256:748bcb0a4cc04aec470652c9e5ec68450948e867387e7dfade647107ade68d25 \
    --hash=sha256:7b5cad1624de8b75e5b9ccb7b0ce1ff1d01306340a3efc56d5529c5ba92392eb \
    --hash=sha256:800dd22dd87fe97dcea484c24e85dd93cf1734d86bd74e668ad18f7967f4d1b5 \
    --hash=sha256:8218cb8938d3031e0d23842838425490c229ecf3e99f666776e09d12ed902352 \
    --hash=sha256:8893bc6331f60f18d4ac75e12ed356e2dcf6a564bf767918b5b7ca54c8c8be49 \
    --hash=sha256:8c14ce41d561f7749f990b41d6703fe02c4669fbc485e598e069e0a1967b488e \
    --hash=sha256:8ca869d0080a5723cde2d5a8b54a2da1ff7e68735a9e9adb3da1243183a0fa01 \
    --hash=sha256:8dec64f31a6e0ec826aca6c1b39a51e16d946e400d4c0904316f3ca72ccfb825 \
    --hash=sha256:90de6573f733a9fb79476ff1371af52a397d41c8b35f9146e20923db010d67b6 \
    --hash=sha256:993d332ff80e62efae9e39603b7e872297c418d780f01a01855269a3489c950f \
    --hash=sha256:ae6571a4828c6f5019bcd2b4125e5b18c0af3dbc9c99726c891f45f41335ec8e \
    --hash=sha256:b01e5b01735d38474127ca3f49319b592506225a87793b27559816b5c75cea39 \
    --hash=sha256:b3da53831534214322d9cb240fa6f390b36cf69eba727a6d4bd3238677630d70 \
    --hash=sha256:b48b2b5b41d9c5fbafef5f37b042f61110df3318ad2a45baf57287ea5b9ba5a2 \
    --hash=sha256:b5492cf2df5226691c32611de8734bcf42148c6547ae53c7f4e6b847793addc0 \
    --hash=sha256:ca9051447455dae341d4d591eece7deb2d8e3d1020298fc87a81fc51e4da8f53 \
    --hash=sha256:caae15634feceafa2612566b109a3082d3293167fac388eedaf77bff66b51983 \
    --hash=sha256:d137ce8a6142029fb5c35bd82f470c40cd9e760e5e2f7694b362c497c4ab3fa2 \
    --hash=sha256:d5945a2908be62350e2978344e62b56c1552c2ca4f844ebf6277c94944d647dd \
    --hash=sha256:d5d117952769b563067656784e03c75a2d8235a7a05cf7fffa78a311e75aac08 \
    --hash=sha256:e1b468241f4a7a9a7a0d6479ad3cc47681cc151a4046c530f2777c3d68f08942 \
    --hash=sha256:e4c20a6c017d820faa7ac8c783e3d0c6a9a2e297bf9f55332ca17cdf7fd4d04d \
    --hash=sha256:e5d7b18a5b9dca241a74695f3275fa4c895a9dadc72b3d8df5fa9d1083c9b83e \
    --hash=sha256:ffbcbbbb44202fbe9bc64bced25a145759adb9ef010b3d37a8064958ac13df2a
    # via
    #   -r model/requirements.txt
    #   shap
scipy==1.18.1 \
    --hash=sha256:011413b7426b75012840e35649e00fe0a2c3bae89fed433876e3a99251572efc \
    --hash=sha256:0ac49ea97594532dd44b7136094d35f5440fa06e6d9c6384a74c01764df388c5 \
    --hash=sha256:0e82073ecc7acc6436fac4b31674109c7e1d3e596789767eda01258a8c9e8123 \
    --hash=sha256:0fcb3c93519f27bb4f0c4b0f7802cdcaca7fcf93267b75edda2e9f4e8a55cbd7 \
    --hash=sha256:10ac20c69d880f77f375db44c22e3e6a644f9fefa291d4cd2fb9790a89fc99fd \
    --hash=sha256:11c423f1049c5755ad4409af52a9ada1cff96fe9b50795d4af3619f292901239 \
    --hash=sha256:179ce34a8d0fe273d8883ba59e17e052247d08973dfcb743ca52bb1cce2d60b0 \
    --hash=sha256:1bca3b943fc2567ea49cd02c99abde49da4d5178ec46f624bd8255cda8755beb \
    --hash=sha256:1d73131e358976663dd969e1fb4ed1404b815cd977eaaedc3b3a133ba2d81c35 \
    --hash=sha256:2a0b02f9fc46f8520330c23d45e6560db7e3a0d927232139427637f98943e11d \
    --hash=sha256:2d3ab0e8c69a17dd3559eab8cbb88f258e285c94d572c2719033f90f83290c89 \
    --hash=sha256:30f464bee641fa8e282577c7dce027308403213c6ca8270bba73285c91024bc5 \
    --hash=sha256:33a834464fdabc0f26a45508df31b3cc5d028e04dbf6c5ed398541418e0a12fe \
    --hash=sha256:3ab3523da44749156e1f68b464dc56af11ae4cbc5c739a49d05f32b982eca9f3 \
    --hash=sha256:3c085faa2cfa879c5141df483f836f4d691045a078224a670fa570fa01612d89 \
    --hash=sha256:457fd7a2a8edeb044ab6ffbc0aa03ff6cd18491356e5e0c834d76ce621b916d1 \
    --hash=sha256:49023963c193dacee096301452f223ee24d86ec5807f8df93c0f7221d119e305 \
    --hash=sha256:52c4b7422442aba924d03ad4019852b08a92e64ea187b933135687bfe2747307 \
    --hash=sha256:559ed65f60c1af5a03f3912605a1b5114f522c7c32fb23c3376ae8f03219fe28 \
    --hash=sha256:5632e3ae3d09197c446310cd5187de63e28448ce22f0f67b2b93d97503c0c230 \
    --hash=sha256:5e4d44984abc0020154ea81b247adeddcc3ac5527b975ff798bd1ba0adc513c2 \
    --hash=sha256:75b00eb8fb802090aa903f4ea1c7f5a584779f967361e68b7e98e531cc2d7174 \
    --hash=sha256:78a0d7c918e74a232394117160e7e3db503377572a45bcef8826e4ab8a35feba \
    --hash=sha256:78c0665edead396b1abb4897c41a5c1d9bf090c8a637a4c20a61678e0a264e66 \
    --hash=sha256:7bbf207c4453ce1ad2e00b17313852b33310b83090c2311bdaf97f93c0380d12 \
    --hash=sha256:7f4b8bc363b6d65ee2152bec57568e3c52639bb34c46057b09857a307ed5e21d \
    --hash=sha256:82f201b4c878551d48558337aab270d3c6cca5507b8737c8d8a608d234cccde0 \
    --hash=sha256:83de5453a7799afc9048b4616bd085cef126e36412f0ea2f6370c36a2a3a51e7 \
    --hash=sha256:88f0e784020649f88ea48c9f5ddfa403bf9205820667c0914740b392035afb82 \
    --hash=sha256:8bcf3c1ba5d6456e2effd30fcbd3459b044d683fcdac79a2e6830f0bdf7de487 \
    --hash=sha256:911de823097db8b63f034299d12662db93344e6ffa0b881cbb57748974b70168 \
    --hash=sha256:92c14f5bdbfb6216315ce33e78080474082de8b3830122ba97809bfbe65f75c0 \
    --hash=sha256:95298364e251be3e60249facbeeca03631d3bb7584f85879516ec55ac717b81f \
    --hash=sha256:9554bcc6d715ee87a633a3cc8e7703c6628b100dd29cb8a2efc4c0533c7ff729 \
    --hash=sha256:9f2897bf7737392ad0d5213ea7b6add72a4edf5679b3153106aeb88b6507b3b9 \
    --hash=sha256:a1d33a7836f7ddc1993427966a0823468ec41bcbdb1a9f9942d1d7e57f803ba3 \
    --hash=sha256:ac0333bdf38309aa3dcbe7e3fa7ea29e7a2c37c6ea306a757b700ded8e4596ad \
    --hash=sha256:bff0b729edd992766136b34e39cc76bc2fad905aa58897ee72a9cd000a6d8443 \
    --hash=sha256:c24acac1e18912761c4700239bbc1fd32f615af690f1584d49b35859be51324d \
    --hash=sha256:c35d74ce0e193ff740c2f2be2ac913ddc232fe6c1ff40b26cfecb9c670c63314 \
    --hash=sha256:c825cef2f49e46753726a7181a8e199804a912b29519ada542c6ebc654951899 \
    --hash=sha256:c9d18a33309122074ea483dd92dd444189166b8b2ec429fe9ed5ac73c7a0aa23 \
    --hash=sha256:cbf38d043c1aa4ab306e1ada6ab6eddacc3322a20b7af1b30bc93254b366fe09 \
    --hash=sha256:cd479fc04dd9401e3b4f49e76518768ef99c4f517a98c284eb091fd725719adf \
    --hash=sha256:ceb30a00ce7c92d459819443d29ca486d882b83fb6738bdcbb2a1cce94ac5daa \
    --hash=sha256:cfbf154f2ba187f2ed6cce2639efff7d105f1140573642c0161615b6d91d6a87 \
    --hash=sha256:d2924a03db38dc2e848bca2fe9f077dafb891480b91a00a0963a8cf86dfc31c1 \
    --hash=sha256:d416b16cccfd70fbf62400e84d0bb2f4e6af519a45557f1692c749b37f14b315 \
    --hash=sha256:d65d448389b8436493abcf629cc94ad0cf32aecaf06e1acca1de53cc795f2f12 \
    --hash=sha256:d84a09d0dad90ba6525d8ac1c2334b33e64bf3ccfe9e841f02feb867a22681e4 \
    --hash=sha256:ddef79fb382df40104a19bb7151b3b23e57c1778fcf857c71ceecd9bd264513f \
    --hash=sha256:e3b417bf8c2c7c16e8f58ad91db17783ec911ac16e7b50eb6eab6e809b4f5b07 \
    --hash=sha256:e402cf31eb68f453dbb2d36fc6d722b33f24a55d68b2ae1d92fa6305ca71c298 \
    --hash=sha256:e6fb6a55cc0ba97b59a1f288fb86dc6fce8bdfc0fffcbfd015e3a954bf2a2d93 \
    --hash=sha256:e708533e8b2ae2497d65346538a7dcc92814410b25b81432eac66de0f2af8265 \
    --hash=sha256:ea324d9dd34c38bfb9bec8ca4d1b407db97dbb74029f566b8e322b1b6fe56fe6 \
    --hash=sha256:eb0dfcf4e28a99c12c999744a2ff67c9b06200e20401c7c88186e33552a46331 \
    --hash=sha256:eda632a7981f69730d6281f451db9c1c370993a2c0d7ddb43e2a809a2862b83a \
    --hash=sha256:f29633129f9fa7e88a3f0fca835de2d030bfc9643f7799e1a0c46cee24d38fc7 \
    --hash=sha256:f55fa87b6c612ecd6b058f167c53231b1d14e412efe361d3d6e38b3631c73218 \
    --hash=sha256:fdaf5ea890a6183d0565f51a61799d67081bd5b1cf03c5f4b3fd3732108625c9
    # via
    #   -r model/requirements.txt
    #   scikit-learn
    #   shap
    #   xgboost
shap==0.52.0 \
    --hash=sha256:07d44ace491ca6204dac6ce4fda128bcaeff27553a279bca67c55a14987cc957 \
    --hash=sha256:09fca6cc9d8d4b9921bf6b56d381a5df0e26cb1b3cd572b2b2f6e48cf9c5d4ad \
    --hash=sha256:20b3d09fdff3e94e418abec1f6033522189e4ca554f1014a2b320f80b5454ad2 \
    --hash=sha256:2828d18366db812599a5d8340ce93fed9c95d97337d90568597b2e96d01ce516 \
    --hash=sha256:334cdc36a925db2242875f69267b88eb6108ec47a6c259f4f87a6b022b6188dc \
    --hash=sha256:514140e2b89f8d4600637cdff8242ac194b96f8ef820b06ab6584d105c1f9b68 \
    --hash=sha256:59b201ef00ce38359997eb9363ff561c89a98461bd81d9fdae8b5350a176eee5 \
    --hash=sha256:61e431aed9de5f2deae1b7847b00edd739b8d85df9c4d04b137230d20dbbd4d3 \
    --hash=sha256:6b843d61e18ad4659584e004a4e681fff0648d4cf371830e3019709722190467 \
    --hash=sha256:81d4ae478f67f8122de1bb411dc4e3ddff0604cbc27dc9cb8ea66d5c73462fd2 \
    --hash=sha256:9a1116361c01fc5a045cf34681673f6c79100e2e648a6fbde7da084d18193d2e \
    --hash=sha256:fb34bf01572048213d60d75d9329c62112d77a5190c18c05f572044dda8e0d83
    # via -r model/requirements.txt
six==1.17.0 \
    --hash=sha256:4721f391ed90541fddacab5acf947aa0d3dc7d27b2e1e8eda2be8970586c3274 \
    --hash=sha256:ff70335d468e7eb6ec65b95b99d3a2836546063f63acc5171de367e834932a81
    # via python-dateutil
slicer==0.0.8 \
    --hash=sha256:2e7553af73f0c0c2d355f4afcc3ecf97c6f2156fcf4593955c3f56cf6c4d6eb7 \
    --hash=sha256:6c206258543aecd010d497dc2eca9d2805860a0b3758673903456b7df7934dc3
    # via shap
threadpoolctl==3.7.0 \
    --hash=sha256:61348cfb77d53b9242e0017029244b559b810c142ced65b4e21eeca1843959a7 \
    --hash=sha256:cd8b60b5641b45c67bbf73c64c843235fc2d8a480c87389f52f5dbee893b86be
    # via scikit-learn
tqdm==4.70.1 \
    --hash=sha256:c293e525e6fef9c20e8728fd4612df02a0aa31bb5fe91ecd93e123b1b7bffa73 \
    --hash=sha256:cefd0eca11b2a37a3aee776544d4f4ae913f02688135b5556b8788dfa474afc4
    # via shap
tzdata==2026.4 \
    --hash=sha256:c2169a8b0a7a5e9674da5a135ccdfb2b3e671b333ed9fed17b41f73c34476e81 \
    --hash=sha256:f1b8bd365d8d210c55353f4d7f8d6d8561c0ba50d704b700d195a9424bba0d79
    # via pandas
ucimlrepo==0.0.7 \
    --hash=sha256:0a5ce7e21d7ec850a0da4427c47f9dd96fcc6532f1c7e95dcec63eeb40f08026 \
    --hash=sha256:4cff3f9e814367dd60956da999ace473197237b9fce4c07e9a689e77b4ffb59a
    # via -r model/requirements.txt
xgboost==3.4.1 \
    --hash=sha256:1ea15f15f661825b6a67d87674fb9604a1abb38dd0d4c5cf0486fc85f5203e83 \
    --hash=sha256:2d30fa513673101f542fdcbd18f30c8f96c064046f798635ac08663e9969f81b \
    --hash=sha256:6968a4c71efdfa859df0dfcad0d99211c95c28c4ffd6aecff46efff77d18026a \
    --hash=sha256:6adf2afa396da2ae8ed30295b50b99d4712eed9a6e0ce6cfe069290e4335e51f \
    --hash=sha256:7faaf99de26719c22bfae883a02bd56b5a3c2203122616e563cc72b7191b5c96 \
    --hash=sha256:a7afd7dbace0951c93aa85ffe046e54bc40893f5b51cd3e7991eb157bf9c7c7c \
    --hash=sha256:e9312b30e5679d27c1d8b9ee97e092b964d960a672d5d406d9fb3cd0845c9797
    # via -r model/requirements.txt
